{
  "name": "pan-tvr-sorcery",
  "version": "1.0.0",
  "lockfileVersion": 1,
  "requires": true,
  "dependencies": {
    "@growthbunker/vuedarkmode": {
      "version": "0.5.9",
      "resolved": "https://registry.npmjs.org/@growthbunker/vuedarkmode/-/vuedarkmode-0.5.9.tgz",
      "integrity": "sha512-I5dpLxOPEDwLH6COLRI+/1BqaHC4B45L5gSkUMnnLxvNetRzCeMrTAGTO6chGMNsxIuKbtHVQYlFZI3fFEGsbw==",
      "requires": {
        "v-click-outside": "2.1.4",
        "v-hotkey": "0.6.0",
        "vee-validate": "3.0.11"
      }
    },
    "@growthbunker/vuesocial": {
      "version": "0.1.2",
      "resolved": "https://registry.npmjs.org/@growthbunker/vuesocial/-/vuesocial-0.1.2.tgz",
      "integrity": "sha512-aMzS42G8JIrst9ZO8TZBXR5uKhpgiUC1Z7B44MTGG2miV3hPveMuApYFZf3PYvaLZCdOnXPvgA7G8sbdyAJVRg==",
      "requires": {
        "@growthbunker/vuedarkmode": "0.5.9"
      }
    },
    "v-click-outside": {
      "version": "2.1.4",
      "resolved": "https://registry.npmjs.org/v-click-outside/-/v-click-outside-2.1.4.tgz",
      "integrity": "sha512-NbQiwRjJjeKptI1qr1co2Ox44fUWEnj08chR1nw3DVrNCQHjb+sqlevzb1zCXMgb7orTFE0wpiecqMlbOZ15EQ=="
    },
    "v-hotkey": {
      "version": "0.6.0",
      "resolved": "https://registry.npmjs.org/v-hotkey/-/v-hotkey-0.6.0.tgz",
      "integrity": "sha512-HsIQa8L5aWB9aJDuHGbCTfIZk5nT7891wtvxUoF3AjT/+Pb7nu3DfhIyO4Vz0jRP8faOJpQn2NkATXAg6hNckA=="
    },
    "vee-validate": {
      "version": "3.0.11",
      "resolved": "https://registry.npmjs.org/vee-validate/-/vee-validate-3.0.11.tgz",
      "integrity": "sha512-2KRLdtM/y+bU2o9KC7cZBGPRUsBxQaoFb3IlBOUkj6l24Gx5XWXxNkhaAXK97BRLOdM4CH/gJYFi9DOm0N7dTQ=="
    },
    "vue": {
      "version": "2.6.11",
      "resolved": "https://registry.npmjs.org/vue/-/vue-2.6.11.tgz",
      "integrity": "sha512-VfPwgcGABbGAue9+sfrD4PuwFar7gPb1yl1UK1MwXoQPAw0BKSqWfoYCT/ThFrdEVWoI51dBuyCoiNU9bZDZxQ=="
    },
    "vue-awesome": {
      "version": "3.5.4",
      "resolved": "https://registry.npmjs.org/vue-awesome/-/vue-awesome-3.5.4.tgz",
      "integrity": "sha512-RRuo08A6mFye2RyLVdnODH5kyLiHANMl9EzKXZXCeMrsP4SY3nyjkQnTGlgbbVOBQuaGBMrFp9HPOJYDaVNk/w=="
    },
    "vue-socialmedia-share": {
      "version": "1.0.1",
      "resolved": "https://registry.npmjs.org/vue-socialmedia-share/-/vue-socialmedia-share-1.0.1.tgz",
      "integrity": "sha512-5bWn1i1VMBgmhCoLBx/3EWwph6sGsOkrHJZxoYg3Ng9nsRp+LH654Ct6kZwj+T7rUmqXz6r4hFRI6ENPDQPWmA==",
      "requires": {
        "vue": "^2.5.16",
        "vue-awesome": "^3.0.0"
      }
    }
  }
}
